// !$*UTF8*$!
{
	archiveVersion = 1;
	classes = {
	};
	objectVersion = 46;
	objects = {

/* Begin PBXBuildFile section */
		548AFB9A1B46700F0047EC41 /* AppDelegate.swift in Sources */ = {isa = PBXBuildFile; fileRef = 548AFB991B46700F0047EC41 /* AppDelegate.swift */; };
		548AFBA11B46700F0047EC41 /* Images.xcassets in Resources */ = {isa = PBXBuildFile; fileRef = 548AFBA01B46700F0047EC41 /* Images.xcassets */; };
		548AFBA41B46700F0047EC41 /* LaunchScreen.xib in Resources */ = {isa = PBXBuildFile; fileRef = 548AFBA21B46700F0047EC41 /* LaunchScreen.xib */; };
		548AFBB01B46700F0047EC41 /* GLCircleScrollVeiwTests.swift in Sources */ = {isa = PBXBuildFile; fileRef = 548AFBAF1B46700F0047EC41 /* GLCircleScrollVeiwTests.swift */; };
		548AFBBA1B4670F70047EC41 /* FirstVC.swift in Sources */ = {isa = PBXBuildFile; fileRef = 548AFBB91B4670F70047EC41 /* FirstVC.swift */; };
		548AFBC61B4682800047EC41 /* third.jpg in Resources */ = {isa = PBXBuildFile; fileRef = 548AFBC31B4682800047EC41 /* third.jpg */; };
		548AFBC71B4682800047EC41 /* second.jpg in Resources */ = {isa = PBXBuildFile; fileRef = 548AFBC41B4682800047EC41 /* second.jpg */; };
		548AFBC81B4682800047EC41 /* first.jpg in Resources */ = {isa = PBXBuildFile; fileRef = 548AFBC51B4682800047EC41 /* first.jpg */; };
		B2E223361F06582A00430BD6 /* CircleView.swift in Sources */ = {isa = PBXBuildFile; fileRef = B2E223351F06582A00430BD6 /* CircleView.swift */; };
		BBB704281F06A15700298A2A /* SecondVC.swift in Sources */ = {isa = PBXBuildFile; fileRef = BBB704271F06A15700298A2A /* SecondVC.swift */; };
		F2D7CE20E0A957209AB64014 /* Pods_GLCircleScrollVeiw.framework in Frameworks */ = {isa = PBXBuildFile; fileRef = 95488C0B7103EABBBEB9C9DA /* Pods_GLCircleScrollVeiw.framework */; };
		F8AEED3C1C0233702EC1D4E1 /* Pods_GLCircleScrollVeiwTests.framework in Frameworks */ = {isa = PBXBuildFile; fileRef = 8BF64FEBFEF2033D78FE2A8C /* Pods_GLCircleScrollVeiwTests.framework */; };
/* End PBXBuildFile section */

/* Begin PBXContainerItemProxy section */
		548AFBAA1B46700F0047EC41 /* PBXContainerItemProxy */ = {
			isa = PBXContainerItemProxy;
			containerPortal = 548AFB8C1B46700E0047EC41 /* Project object */;
			proxyType = 1;
			remoteGlobalIDString = 548AFB931B46700F0047EC41;
			remoteInfo = GLCircleScrollVeiw;
		};
/* End PBXContainerItemProxy section */

/* Begin PBXFileReference section */
		04F402F2B8732820A65430B7 /* Pods-GLCircleScrollVeiwTests.debug.xcconfig */ = {isa = PBXFileReference; includeInIndex = 1; lastKnownFileType = text.xcconfig; name = "Pods-GLCircleScrollVeiwTests.debug.xcconfig"; path = "Pods/Target Support Files/Pods-GLCircleScrollVeiwTests/Pods-GLCircleScrollVeiwTests.debug.xcconfig"; sourceTree = "<group>"; };
		1732C7D7E71361E1635C44AE /* Pods-GLCircleScrollVeiw.release.xcconfig */ = {isa = PBXFileReference; includeInIndex = 1; lastKnownFileType = text.xcconfig; name = "Pods-GLCircleScrollVeiw.release.xcconfig"; path = "Pods/Target Support Files/Pods-GLCircleScrollVeiw/Pods-GLCircleScrollVeiw.release.xcconfig"; sourceTree = "<group>"; };
		548AFB941B46700F0047EC41 /* GLCircleScrollVeiw.app */ = {isa = PBXFileReference; explicitFileType = wrapper.application; includeInIndex = 0; path = GLCircleScrollVeiw.app; sourceTree = BUILT_PRODUCTS_DIR; };
		548AFB981B46700F0047EC41 /* Info.plist */ = {isa = PBXFileReference; lastKnownFileType = text.plist.xml; path = Info.plist; sourceTree = "<group>"; };
		548AFB991B46700F0047EC41 /* AppDelegate.swift */ = {isa = PBXFileReference; lastKnownFileType = sourcecode.swift; path = AppDelegate.swift; sourceTree = "<group>"; };
		548AFBA01B46700F0047EC41 /* Images.xcassets */ = {isa = PBXFileReference; lastKnownFileType = folder.assetcatalog; path = Images.xcassets; sourceTree = "<group>"; };
		548AFBA31B46700F0047EC41 /* Base */ = {isa = PBXFileReference; lastKnownFileType = file.xib; name = Base; path = Base.lproj/LaunchScreen.xib; sourceTree = "<group>"; };
		548AFBA91B46700F0047EC41 /* GLCircleScrollVeiwTests.xctest */ = {isa = PBXFileReference; explicitFileType = wrapper.cfbundle; includeInIndex = 0; path = GLCircleScrollVeiwTests.xctest; sourceTree = BUILT_PRODUCTS_DIR; };
		548AFBAE1B46700F0047EC41 /* Info.plist */ = {isa = PBXFileReference; lastKnownFileType = text.plist.xml; path = Info.plist; sourceTree = "<group>"; };
		548AFBAF1B46700F0047EC41 /* GLCircleScrollVeiwTests.swift */ = {isa = PBXFileReference; lastKnownFileType = sourcecode.swift; path = GLCircleScrollVeiwTests.swift; sourceTree = "<group>"; };
		548AFBB91B4670F70047EC41 /* FirstVC.swift */ = {isa = PBXFileReference; fileEncoding = 4; lastKnownFileType = sourcecode.swift; path = FirstVC.swift; sourceTree = "<group>"; };
		548AFBC31B4682800047EC41 /* third.jpg */ = {isa = PBXFileReference; lastKnownFileType = image.jpeg; path = third.jpg; sourceTree = "<group>"; };
		548AFBC41B4682800047EC41 /* second.jpg */ = {isa = PBXFileReference; lastKnownFileType = image.jpeg; path = second.jpg; sourceTree = "<group>"; };
		548AFBC51B4682800047EC41 /* first.jpg */ = {isa = PBXFileReference; lastKnownFileType = image.jpeg; path = first.jpg; sourceTree = "<group>"; };
		8BF64FEBFEF2033D78FE2A8C /* Pods_GLCircleScrollVeiwTests.framework */ = {isa = PBXFileReference; explicitFileType = wrapper.framework; includeInIndex = 0; path = Pods_GLCircleScrollVeiwTests.framework; sourceTree = BUILT_PRODUCTS_DIR; };
		95488C0B7103EABBBEB9C9DA /* Pods_GLCircleScrollVeiw.framework */ = {isa = PBXFileReference; explicitFileType = wrapper.framework; includeInIndex = 0; path = Pods_GLCircleScrollVeiw.framework; sourceTree = BUILT_PRODUCTS_DIR; };
		A78B38EF2D13EFC0AF9895D7 /* Pods-GLCircleScrollVeiw.debug.xcconfig */ = {isa = PBXFileReference; includeInIndex = 1; lastKnownFileType = text.xcconfig; name = "Pods-GLCircleScrollVeiw.debug.xcconfig"; path = "Pods/Target Support Files/Pods-GLCircleScrollVeiw/Pods-GLCircleScrollVeiw.debug.xcconfig"; sourceTree = "<group>"; };
		B2E223351F06582A00430BD6 /* CircleView.swift */ = {isa = PBXFileReference; fileEncoding = 4; lastKnownFileType = sourcecode.swift; path = CircleView.swift; sourceTree = "<group>"; };
		BBB704271F06A15700298A2A /* SecondVC.swift */ = {isa = PBXFileReference; fileEncoding = 4; lastKnownFileType = sourcecode.swift; path = SecondVC.swift; sourceTree = "<group>"; };
		EEC1397838C2515C9A198B53 /* Pods-GLCircleScrollVeiwTests.release.xcconfig */ = {isa = PBXFileReference; includeInIndex = 1; lastKnownFileType = text.xcconfig; name = "Pods-GLCircleScrollVeiwTests.release.xcconfig"; path = "Pods/Target Support Files/Pods-GLCircleScrollVeiwTests/Pods-GLCircleScrollVeiwTests.release.xcconfig"; sourceTree = "<group>"; };
/* End PBXFileReference section */

/* Begin PBXFrameworksBuildPhase section */
		548AFB911B46700F0047EC41 /* Frameworks */ = {
			isa = PBXFrameworksBuildPhase;
			buildActionMask = 2147483647;
			files = (
				F2D7CE20E0A957209AB64014 /* Pods_GLCircleScrollVeiw.framework in Frameworks */,
			);
			runOnlyForDeploymentPostprocessing = 0;
		};
		548AFBA61B46700F0047EC41 /* Frameworks */ = {
			isa = PBXFrameworksBuildPhase;
			buildActionMask = 2147483647;
			files = (
				F8AEED3C1C0233702EC1D4E1 /* Pods_GLCircleScrollVeiwTests.framework in Frameworks */,
			);
			runOnlyForDeploymentPostprocessing = 0;
		};
/* End PBXFrameworksBuildPhase section */

/* Begin PBXGroup section */
		548AFB8B1B46700E0047EC41 = {
			isa = PBXGroup;
			children = (
				548AFB961B46700F0047EC41 /* GLCircleScrollVeiw */,
				548AFBAC1B46700F0047EC41 /* GLCircleScrollVeiwTests */,
				548AFB951B46700F0047EC41 /* Products */,
				AC34A8D2AE0F4AC976BF55C8 /* Pods */,
				F9D69F6D2C42AC62C7D67BA1 /* Frameworks */,
			);
			sourceTree = "<group>";
		};
		548AFB951B46700F0047EC41 /* Products */ = {
			isa = PBXGroup;
			children = (
				548AFB941B46700F0047EC41 /* GLCircleScrollVeiw.app */,
				548AFBA91B46700F0047EC41 /* GLCircleScrollVeiwTests.xctest */,
			);
			name = Products;
			sourceTree = "<group>";
		};
		548AFB961B46700F0047EC41 /* GLCircleScrollVeiw */ = {
			isa = PBXGroup;
			children = (
				548AFBC31B4682800047EC41 /* third.jpg */,
				548AFBC41B4682800047EC41 /* second.jpg */,
				548AFBC51B4682800047EC41 /* first.jpg */,
				548AFB991B46700F0047EC41 /* AppDelegate.swift */,
				548AFBB91B4670F70047EC41 /* FirstVC.swift */,
				BBB704271F06A15700298A2A /* SecondVC.swift */,
				B2E223351F06582A00430BD6 /* CircleView.swift */,
				548AFBA01B46700F0047EC41 /* Images.xcassets */,
				548AFBA21B46700F0047EC41 /* LaunchScreen.xib */,
				548AFB971B46700F0047EC41 /* Supporting Files */,
			);
			path = GLCircleScrollVeiw;
			sourceTree = "<group>";
		};
		548AFB971B46700F0047EC41 /* Supporting Files */ = {
			isa = PBXGroup;
			children = (
				548AFB981B46700F0047EC41 /* Info.plist */,
			);
			name = "Supporting Files";
			sourceTree = "<group>";
		};
		548AFBAC1B46700F0047EC41 /* GLCircleScrollVeiwTests */ = {
			isa = PBXGroup;
			children = (
				548AFBAF1B46700F0047EC41 /* GLCircleScrollVeiwTests.swift */,
				548AFBAD1B46700F0047EC41 /* Supporting Files */,
			);
			path = GLCircleScrollVeiwTests;
			sourceTree = "<group>";
		};
		548AFBAD1B46700F0047EC41 /* Supporting Files */ = {
			isa = PBXGroup;
			children = (
				548AFBAE1B46700F0047EC41 /* Info.plist */,
			);
			name = "Supporting Files";
			sourceTree = "<group>";
		};
		AC34A8D2AE0F4AC976BF55C8 /* Pods */ = {
			isa = PBXGroup;
			children = (
				A78B38EF2D13EFC0AF9895D7 /* Pods-GLCircleScrollVeiw.debug.xcconfig */,
				1732C7D7E71361E1635C44AE /* Pods-GLCircleScrollVeiw.release.xcconfig */,
				04F402F2B8732820A65430B7 /* Pods-GLCircleScrollVeiwTests.debug.xcconfig */,
				EEC1397838C2515C9A198B53 /* Pods-GLCircleScrollVeiwTests.release.xcconfig */,
			);
			name = Pods;
			sourceTree = "<group>";
		};
		F9D69F6D2C42AC62C7D67BA1 /* Frameworks */ = {
			isa = PBXGroup;
			children = (
				95488C0B7103EABBBEB9C9DA /* Pods_GLCircleScrollVeiw.framework */,
				8BF64FEBFEF2033D78FE2A8C /* Pods_GLCircleScrollVeiwTests.framework */,
			);
			name = Frameworks;
			sourceTree = "<group>";
		};
/* End PBXGroup section */

/* Begin PBXNativeTarget section */
		548AFB931B46700F0047EC41 /* GLCircleScrollVeiw */ = {
			isa = PBXNativeTarget;
			buildConfigurationList = 548AFBB31B46700F0047EC41 /* Build configuration list for PBXNativeTarget "GLCircleScrollVeiw" */;
			buildPhases = (
				98AB22E8066AC268403FF93E /* [CP] Check Pods Manifest.lock */,
				548AFB901B46700F0047EC41 /* Sources */,
				548AFB911B46700F0047EC41 /* Frameworks */,
				548AFB921B46700F0047EC41 /* Resources */,
				AC1D35C760BFFA93AC91ED0D /* [CP] Embed Pods Frameworks */,
				A72657E0E4E4324369693EAC /* [CP] Copy Pods Resources */,
			);
			buildRules = (
			);
			dependencies = (
			);
			name = GLCircleScrollVeiw;
			productName = GLCircleScrollVeiw;
			productReference = 548AFB941B46700F0047EC41 /* GLCircleScrollVeiw.app */;
			productType = "com.apple.product-type.application";
		};
		548AFBA81B46700F0047EC41 /* GLCircleScrollVeiwTests */ = {
			isa = PBXNativeTarget;
			buildConfigurationList = 548AFBB61B46700F0047EC41 /* Build configuration list for PBXNativeTarget "GLCircleScrollVeiwTests" */;
			buildPhases = (
				095E20DB7FE72DF320B7E73A /* [CP] Check Pods Manifest.lock */,
				548AFBA51B46700F0047EC41 /* Sources */,
				548AFBA61B46700F0047EC41 /* Frameworks */,
				548AFBA71B46700F0047EC41 /* Resources */,
				9CC0651640C74C07943EEEF7 /* [CP] Embed Pods Frameworks */,
				EB987CC945270D4D87ED4F83 /* [CP] Copy Pods Resources */,
			);
			buildRules = (
			);
			dependencies = (
				548AFBAB1B46700F0047EC41 /* PBXTargetDependency */,
			);
			name = GLCircleScrollVeiwTests;
			productName = GLCircleScrollVeiwTests;
			productReference = 548AFBA91B46700F0047EC41 /* GLCircleScrollVeiwTests.xctest */;
			productType = "com.apple.product-type.bundle.unit-test";
		};
/* End PBXNativeTarget section */

/* Begin PBXProject section */
		548AFB8C1B46700E0047EC41 /* Project object */ = {
			isa = PBXProject;
			attributes = {
				LastSwiftMigration = 0710;
				LastSwiftUpdateCheck = 0710;
				LastUpgradeCheck = 0630;
				ORGANIZATIONNAME = ___GL___;
				TargetAttributes = {
					548AFB931B46700F0047EC41 = {
						CreatedOnToolsVersion = 6.3.1;
						DevelopmentTeam = 9H9JD2FE9G;
						LastSwiftMigration = 0820;
						ProvisioningStyle = Automatic;
					};
					548AFBA81B46700F0047EC41 = {
						CreatedOnToolsVersion = 6.3.1;
						LastSwiftMigration = 0820;
						TestTargetID = 548AFB931B46700F0047EC41;
					};
				};
			};
			buildConfigurationList = 548AFB8F1B46700E0047EC41 /* Build configuration list for PBXProject "GLCircleScrollVeiw" */;
			compatibilityVersion = "Xcode 3.2";
			developmentRegion = English;
			hasScannedForEncodings = 0;
			knownRegions = (
				en,
				Base,
			);
			mainGroup = 548AFB8B1B46700E0047EC41;
			productRefGroup = 548AFB951B46700F0047EC41 /* Products */;
			projectDirPath = "";
			projectRoot = "";
			targets = (
				548AFB931B46700F0047EC41 /* GLCircleScrollVeiw */,
				548AFBA81B46700F0047EC41 /* GLCircleScrollVeiwTests */,
			);
		};
/* End PBXProject section */

/* Begin PBXResourcesBuildPhase section */
		548AFB921B46700F0047EC41 /* Resources */ = {
			isa = PBXResourcesBuildPhase;
			buildActionMask = 2147483647;
			files = (
				548AFBA41B46700F0047EC41 /* LaunchScreen.xib in Resources */,
				548AFBC71B4682800047EC41 /* second.jpg in Resources */,
				548AFBA11B46700F0047EC41 /* Images.xcassets in Resources */,
				548AFBC61B4682800047EC41 /* third.jpg in Resources */,
				548AFBC81B4682800047EC41 /* first.jpg in Resources */,
			);
			runOnlyForDeploymentPostprocessing = 0;
		};
		548AFBA71B46700F0047EC41 /* Resources */ = {
			isa = PBXResourcesBuildPhase;
			buildActionMask = 2147483647;
			files = (
			);
			runOnlyForDeploymentPostprocessing = 0;
		};
/* End PBXResourcesBuildPhase section */

/* Begin PBXShellScriptBuildPhase section */
		095E20DB7FE72DF320B7E73A /* [CP] Check Pods Manifest.lock */ = {
			isa = PBXShellScriptBuildPhase;
			buildActionMask = 2147483647;
			files = (
			);
			inputPaths = (
			);
			name = "[CP] Check Pods Manifest.lock";
			outputPaths = (
			);
			runOnlyForDeploymentPostprocessing = 0;
			shellPath = /bin/sh;
			shellScript = "diff \"${PODS_PODFILE_DIR_PATH}/Podfile.lock\" \"${PODS_ROOT}/Manifest.lock\" > /dev/null\nif [ $? != 0 ] ; then\n    # print error to STDERR\n    echo \"error: The sandbox is not in sync with the Podfile.lock. Run 'pod install' or update your CocoaPods installation.\" >&2\n    exit 1\nfi\n";
			showEnvVarsInLog = 0;
		};
		98AB22E8066AC268403FF93E /* [CP] Check Pods Manifest.lock */ = {
			isa = PBXShellScriptBuildPhase;
			buildActionMask = 2147483647;
			files = (
			);
			inputPaths = (
			);
			name = "[CP] Check Pods Manifest.lock";
			outputPaths = (
			);
			runOnlyForDeploymentPostprocessing = 0;
			shellPath = /bin/sh;
			shellScript = "diff \"${PODS_PODFILE_DIR_PATH}/Podfile.lock\" \"${PODS_ROOT}/Manifest.lock\" > /dev/null\nif [ $? != 0 ] ; then\n    # print error to STDERR\n    echo \"error: The sandbox is not in sync with the Podfile.lock. Run 'pod install' or update your CocoaPods installation.\" >&2\n    exit 1\nfi\n";
			showEnvVarsInLog = 0;
		};
		9CC0651640C74C07943EEEF7 /* [CP] Embed Pods Frameworks */ = {
			isa = PBXShellScriptBuildPhase;
			buildActionMask = 2147483647;
			files = (
			);
			inputPaths = (
			);
			name = "[CP] Embed Pods Frameworks";
			outputPaths = (
			);
			runOnlyForDeploymentPostprocessing = 0;
			shellPath = /bin/sh;
			shellScript = "\"${SRCROOT}/Pods/Target Support Files/Pods-GLCircleScrollVeiwTests/Pods-GLCircleScrollVeiwTests-frameworks.sh\"\n";
			showEnvVarsInLog = 0;
		};
		A72657E0E4E4324369693EAC /* [CP] Copy Pods Resources */ = {
			isa = PBXShellScriptBuildPhase;
			buildActionMask = 2147483647;
			files = (
			);
			inputPaths = (
			);
			name = "[CP] Copy Pods Resources";
			outputPaths = (
			);
			runOnlyForDeploymentPostprocessing = 0;
			shellPath = /bin/sh;
			shellScript = "\"${SRCROOT}/Pods/Target Support Files/Pods-GLCircleScrollVeiw/Pods-GLCircleScrollVeiw-resources.sh\"\n";
			showEnvVarsInLog = 0;
		};
		AC1D35C760BFFA93AC91ED0D /* [CP] Embed Pods Frameworks */ = {
			isa = PBXShellScriptBuildPhase;
			buildActionMask = 2147483647;
			files = (
			);
			inputPaths = (
			);
			name = "[CP] Embed Pods Frameworks";
			outputPaths = (
			);
			runOnlyForDeploymentPostprocessing = 0;
			shellPath = /bin/sh;
			shellScript = "\"${SRCROOT}/Pods/Target Support Files/Pods-GLCircleScrollVeiw/Pods-GLCircleScrollVeiw-frameworks.sh\"\n";
			showEnvVarsInLog = 0;
		};
		EB987CC945270D4D87ED4F83 /* [CP] Copy Pods Resources */ = {
			isa = PBXShellScriptBuildPhase;
			buildActionMask = 2147483647;
			files = (
			);
			inputPaths = (
			);
			name = "[CP] Copy Pods Resources";
			outputPaths = (
			);
			runOnlyForDeploymentPostprocessing = 0;
			shellPath = /bin/sh;
			shellScript = "\"${SRCROOT}/Pods/Target Support Files/Pods-GLCircleScrollVeiwTests/Pods-GLCircleScrollVeiwTests-resources.sh\"\n";
			showEnvVarsInLog = 0;
		};
/* End PBXShellScriptBuildPhase section */

/* Begin PBXSourcesBuildPhase section */
		548AFB901B46700F0047EC41 /* Sources */ = {
			isa = PBXSourcesBuildPhase;
			buildActionMask = 2147483647;
			files = (
				B2E223361F06582A00430BD6 /* CircleView.swift in Sources */,
				548AFB9A1B46700F0047EC41 /* AppDelegate.swift in Sources */,
				BBB704281F06A15700298A2A /* SecondVC.swift in Sources */,
				548AFBBA1B4670F70047EC41 /* FirstVC.swift in Sources */,
			);
			runOnlyForDeploymentPostprocessing = 0;
		};
		548AFBA51B46700F0047EC41 /* Sources */ = {
			isa = PBXSourcesBuildPhase;
			buildActionMask = 2147483647;
			files = (
				548AFBB01B46700F0047EC41 /* GLCircleScrollVeiwTests.swift in Sources */,
			);
			runOnlyForDeploymentPostprocessing = 0;
		};
/* End PBXSourcesBuildPhase section */

/* Begin PBXTargetDependency section */
		548AFBAB1B46700F0047EC41 /* PBXTargetDependency */ = {
			isa = PBXTargetDependency;
			target = 548AFB931B46700F0047EC41 /* GLCircleScrollVeiw */;
			targetProxy = 548AFBAA1B46700F0047EC41 /* PBXContainerItemProxy */;
		};
/* End PBXTargetDependency section */

/* Begin PBXVariantGroup section */
		548AFBA21B46700F0047EC41 /* LaunchScreen.xib */ = {
			isa = PBXVariantGroup;
			children = (
				548AFBA31B46700F0047EC41 /* Base */,
			);
			name = LaunchScreen.xib;
			sourceTree = "<group>";
		};
/* End PBXVariantGroup section */

/* Begin XCBuildConfiguration section */
		548AFBB11B46700F0047EC41 /* Debug */ = {
			isa = XCBuildConfiguration;
			buildSettings = {
				ALWAYS_SEARCH_USER_PATHS = NO;
				CLANG_CXX_LANGUAGE_STANDARD = "gnu++0x";
				CLANG_CXX_LIBRARY = "libc++";
				CLANG_ENABLE_MODULES = YES;
				CLANG_ENABLE_OBJC_ARC = YES;
				CLANG_WARN_BOOL_CONVERSION = YES;
				CLANG_WARN_CONSTANT_CONVERSION = YES;
				CLANG_WARN_DIRECT_OBJC_ISA_USAGE = YES_ERROR;
				CLANG_WARN_EMPTY_BODY = YES;
				CLANG_WARN_ENUM_CONVERSION = YES;
				CLANG_WARN_INT_CONVERSION = YES;
				CLANG_WARN_OBJC_ROOT_CLASS = YES_ERROR;
				CLANG_WARN_UNREACHABLE_CODE = YES;
				CLANG_WARN__DUPLICATE_METHOD_MATCH = YES;
				CODE_SIGN_IDENTITY = "iPhone Developer: 龙 许 (CJQ6GVXUZJ)";
				"CODE_SIGN_IDENTITY[sdk=iphoneos*]" = "iPhone Developer: 龙 许 (CJQ6GVXUZJ)";
				COPY_PHASE_STRIP = NO;
				DEBUG_INFORMATION_FORMAT = "dwarf-with-dsym";
				ENABLE_STRICT_OBJC_MSGSEND = YES;
				GCC_C_LANGUAGE_STANDARD = gnu99;
				GCC_DYNAMIC_NO_PIC = NO;
				GCC_NO_COMMON_BLOCKS = YES;
				GCC_OPTIMIZATION_LEVEL = 0;
				GCC_PREPROCESSOR_DEFINITIONS = (
					"DEBUG=1",
					"$(inherited)",
				);
				GCC_SYMBOLS_PRIVATE_EXTERN = NO;
				GCC_WARN_64_TO_32_BIT_CONVERSION = YES;
				GCC_WARN_ABOUT_RETURN_TYPE = YES_ERROR;
				GCC_WARN_UNDECLARED_SELECTOR = YES;
				GCC_WARN_UNINITIALIZED_AUTOS = YES_AGGRESSIVE;
				GCC_WARN_UNUSED_FUNCTION = YES;
				GCC_WARN_UNUSED_VARIABLE = YES;
				IPHONEOS_DEPLOYMENT_TARGET = 8.3;
				MTL_ENABLE_DEBUG_INFO = YES;
				ONLY_ACTIVE_ARCH = YES;
				SDKROOT = iphoneos;
				SWIFT_OPTIMIZATION_LEVEL = "-Onone";
			};
			name = Debug;
		};
		548AFBB21B46700F0047EC41 /* Release */ = {
			isa = XCBuildConfiguration;
			buildSettings = {
				ALWAYS_SEARCH_USER_PATHS = NO;
				CLANG_CXX_LANGUAGE_STANDARD = "gnu++0x";
				CLANG_CXX_LIBRARY = "libc++";
				CLANG_ENABLE_MODULES = YES;
				CLANG_ENABLE_OBJC_ARC = YES;
				CLANG_WARN_BOOL_CONVERSION = YES;
				CLANG_WARN_CONSTANT_CONVERSION = YES;
				CLANG_WARN_DIRECT_OBJC_ISA_USAGE = YES_ERROR;
				CLANG_WARN_EMPTY_BODY = YES;
				CLANG_WARN_ENUM_CONVERSION = YES;
				CLANG_WARN_INT_CONVERSION = YES;
				CLANG_WARN_OBJC_ROOT_CLASS = YES_ERROR;
				CLANG_WARN_UNREACHABLE_CODE = YES;
				CLANG_WARN__DUPLICATE_METHOD_MATCH = YES;
				CODE_SIGN_IDENTITY = "iPhone Developer: 龙 许 (CJQ6GVXUZJ)";
				"CODE_SIGN_IDENTITY[sdk=iphoneos*]" = "iPhone Developer: 龙 许 (CJQ6GVXUZJ)";
				COPY_PHASE_STRIP = NO;
				DEBUG_INFORMATION_FORMAT = "dwarf-with-dsym";
				ENABLE_NS_ASSERTIONS = NO;
				ENABLE_STRICT_OBJC_MSGSEND = YES;
				GCC_C_LANGUAGE_STANDARD = gnu99;
				GCC_NO_COMMON_BLOCKS = YES;
				GCC_WARN_64_TO_32_BIT_CONVERSION = YES;
				GCC_WARN_ABOUT_RETURN_TYPE = YES_ERROR;
				GCC_WARN_UNDECLARED_SELECTOR = YES;
				GCC_WARN_UNINITIALIZED_AUTOS = YES_AGGRESSIVE;
				GCC_WARN_UNUSED_FUNCTION = YES;
				GCC_WARN_UNUSED_VARIABLE = YES;
				IPHONEOS_DEPLOYMENT_TARGET = 8.3;
				MTL_ENABLE_DEBUG_INFO = NO;
				SDKROOT = iphoneos;
				VALIDATE_PRODUCT = YES;
			};
			name = Release;
		};
		548AFBB41B46700F0047EC41 /* Debug */ = {
			isa = XCBuildConfiguration;
			baseConfigurationReference = A78B38EF2D13EFC0AF9895D7 /* Pods-GLCircleScrollVeiw.debug.xcconfig */;
			buildSettings = {
				ASSETCATALOG_COMPILER_APPICON_NAME = AppIcon;
				"CODE_SIGN_IDENTITY[sdk=iphoneos*]" = "iPhone Developer";
				DEVELOPMENT_TEAM = 9H9JD2FE9G;
				INFOPLIST_FILE = GLCircleScrollVeiw/Info.plist;
				LD_RUNPATH_SEARCH_PATHS = "$(inherited) @executable_path/Frameworks";
				PRODUCT_BUNDLE_IDENTIFIER = com.leho.beauty.love;
				PRODUCT_NAME = "$(TARGET_NAME)";
				PROVISIONING_PROFILE_SPECIFIER = "";
				SWIFT_VERSION = 3.0;
			};
			name = Debug;
		};
		548AFBB51B46700F0047EC41 /* Release */ = {
			isa = XCBuildConfiguration;
			baseConfigurationReference = 1732C7D7E71361E1635C44AE /* Pods-GLCircleScrollVeiw.release.xcconfig */;
			buildSettings = {
				ASSETCATALOG_COMPILER_APPICON_NAME = AppIcon;
				"CODE_SIGN_IDENTITY[sdk=iphoneos*]" = "iPhone Developer";
				DEVELOPMENT_TEAM = 9H9JD2FE9G;
				INFOPLIST_FILE = GLCircleScrollVeiw/Info.plist;
				LD_RUNPATH_SEARCH_PATHS = "$(inherited) @executable_path/Frameworks";
				PRODUCT_BUNDLE_IDENTIFIER = com.leho.beauty.love;
				PRODUCT_NAME = "$(TARGET_NAME)";
				PROVISIONING_PROFILE_SPECIFIER = "";
				SWIFT_VERSION = 3.0;
			};
			name = Release;
		};
		548AFBB71B46700F0047EC41 /* Debug */ = {
			isa = XCBuildConfiguration;
			baseConfigurationReference = 04F402F2B8732820A65430B7 /* Pods-GLCircleScrollVeiwTests.debug.xcconfig */;
			buildSettings = {
				BUNDLE_LOADER = "$(TEST_HOST)";
				FRAMEWORK_SEARCH_PATHS = (
					"$(SDKROOT)/Developer/Library/Frameworks",
					"$(inherited)",
				);
				GCC_PREPROCESSOR_DEFINITIONS = (
					"DEBUG=1",
					"$(inherited)",
				);
				INFOPLIST_FILE = GLCircleScrollVeiwTests/Info.plist;
				LD_RUNPATH_SEARCH_PATHS = "$(inherited) @executable_path/Frameworks @loader_path/Frameworks";
				PRODUCT_NAME = "$(TARGET_NAME)";
				SWIFT_VERSION = 3.0;
				TEST_HOST = "$(BUILT_PRODUCTS_DIR)/GLCircleScrollVeiw.app/GLCircleScrollVeiw";
			};
			name = Debug;
		};
		548AFBB81B46700F0047EC41 /* Release */ = {
			isa = XCBuildConfiguration;
			baseConfigurationReference = EEC1397838C2515C9A198B53 /* Pods-GLCircleScrollVeiwTests.release.xcconfig */;
			buildSettings = {
				BUNDLE_LOADER = "$(TEST_HOST)";
				FRAMEWORK_SEARCH_PATHS = (
					"$(SDKROOT)/Developer/Library/Frameworks",
					"$(inherited)",
				);
				INFOPLIST_FILE = GLCircleScrollVeiwTests/Info.plist;
				LD_RUNPATH_SEARCH_PATHS = "$(inherited) @executable_path/Frameworks @loader_path/Frameworks";
				PRODUCT_NAME = "$(TARGET_NAME)";
				SWIFT_VERSION = 3.0;
				TEST_HOST = "$(BUILT_PRODUCTS_DIR)/GLCircleScrollVeiw.app/GLCircleScrollVeiw";
			};
			name = Release;
		};
/* End XCBuildConfiguration section */

/* Begin XCConfigurationList section */
		548AFB8F1B46700E0047EC41 /* Build configuration list for PBXProject "GLCircleScrollVeiw" */ = {
			isa = XCConfigurationList;
			buildConfigurations = (
				548AFBB11B46700F0047EC41 /* Debug */,
				548AFBB21B46700F0047EC41 /* Release */,
			);
			defaultConfigurationIsVisible = 0;
			defaultConfigurationName = Release;
		};
		548AFBB31B46700F0047EC41 /* Build configuration list for PBXNativeTarget "GLCircleScrollVeiw" */ = {
			isa = XCConfigurationList;
			buildConfigurations = (
				548AFBB41B46700F0047EC41 /* Debug */,
				548AFBB51B46700F0047EC41 /* Release */,
			);
			defaultConfigurationIsVisible = 0;
			defaultConfigurationName = Release;
		};
		548AFBB61B46700F0047EC41 /* Build configuration list for PBXNativeTarget "GLCircleScrollVeiwTests" */ = {
			isa = XCConfigurationList;
			buildConfigurations = (
				548AFBB71B46700F0047EC41 /* Debug */,
				548AFBB81B46700F0047EC41 /* Release */,
			);
			defaultConfigurationIsVisible = 0;
			defaultConfigurationName = Release;
		};
/* End XCConfigurationList section */
	};
	rootObject = 548AFB8C1B46700E0047EC41 /* Project object */;
}
